
Microsoft Visual Studio Solution File, Format Version 12.00
# Visual Studio 2012
Project("{FAE04EC0-301F-11D3-BF4B-00C04F79EFBC}") = "Infinite Awaiting challenge fixer for Quake3", "Infinite Awaiting challenge fixer for Quake3.csproj", "{E08C789A-C738-4D12-B509-9119EE081BD9}"
EndProject
Global
	GlobalSection(SolutionConfigurationPlatforms) = preSolution
		Debug|Any CPU = Debug|Any CPU
		Release|Any CPU = Release|Any CPU
	EndGlobalSection
	GlobalSection(ProjectConfigurationPlatforms) = postSolution
		{E08C789A-C738-4D12-B509-9119EE081BD9}.Debug|Any CPU.ActiveCfg = Debug|Any CPU
		{E08C789A-C738-4D12-B509-9119EE081BD9}.Debug|Any CPU.Build.0 = Debug|Any CPU
		{E08C789A-C738-4D12-B509-9119EE081BD9}.Release|Any CPU.ActiveCfg = Release|Any CPU
		{E08C789A-C738-4D12-B509-9119EE081BD9}.Release|Any CPU.Build.0 = Release|Any CPU
	EndGlobalSection
	GlobalSection(SolutionProperties) = preSolution
		HideSolutionNode = FALSE
	EndGlobalSection
EndGlobal
